{
  "nodes": {
    "flake-parts": {
      "inputs": {
        "nixpkgs-lib": [
          "nixpkgs"
        ]
      },
      "locked": {
        "lastModified": 1743550720,
        "narHash": "sha256-hIshGgKZCgWh6AYJpJmRgFdR3WUbkY04o82X05xqQiY=",
        "owner": "hercules-ci",
        "repo": "flake-parts",
        "rev": "c621e8422220273271f52058f618c94e405bb0f5",
        "type": "github"
      },
      "original": {
        "owner": "hercules-ci",
        "repo": "flake-parts",
        "type": "github"
      }
    },
    "flake-parts_2": {
      "inputs": {
        "nixpkgs-lib": [
          "nur-fem",
          "nixpkgs"
        ]
      },
      "locked": {
        "lastModified": 1743550720,
        "narHash": "sha256-hIshGgKZCgWh6AYJpJmRgFdR3WUbkY04o82X05xqQiY=",
        "owner": "hercules-ci",
        "repo": "flake-parts",
        "rev": "c621e8422220273271f52058f618c94e405bb0f5",
        "type": "github"
      },
      "original": {
        "owner": "hercules-ci",
        "repo": "flake-parts",
        "type": "github"
      }
    },
    "nixpkgs": {
      "locked": {
        "lastModified": 1746528812,
        "narHash": "sha256-wYChzluj1NG1BabX5h0HOp+R2pRHgxDzsxKbphtYBVk=",
        "owner": "NixOS",
        "repo": "nixpkgs",
        "rev": "694814ad5ded753c4d266d60950d5687d77d58c0",
        "type": "github"
      },
      "original": {
        "owner": "NixOS",
        "repo": "nixpkgs",
        "rev": "694814ad5ded753c4d266d60950d5687d77d58c0",
        "type": "github"
      }
    },
    "nixpkgs_2": {
      "locked": {
        "lastModified": 1746641838,
        "narHash": "sha256-OG4I387s48IEUaKeQpU0Mu1qjzsPxgRiIgqYpryiq3g=",
        "owner": "NixOS",
        "repo": "nixpkgs",
        "rev": "47c82b0cf53c12c190b5c9badfd7554e82e6ddc0",
        "type": "github"
      },
      "original": {
        "owner": "NixOS",
        "ref": "master",
        "repo": "nixpkgs",
        "type": "github"
      }
    },
    "nur-fem": {
      "inputs": {
        "flake-parts": "flake-parts_2",
        "nixpkgs": "nixpkgs_2"
      },
      "locked": {
        "lastModified": 1746636133,
        "narHash": "sha256-RHgN/M6jWYeYHN9Y9ksEeVF7W07FqJx5xzmQ1KGt8iE=",
        "owner": "qbisi",
        "repo": "nur-fem",
        "rev": "275fb971d254f1f7ba2af414a008f4c30641308c",
        "type": "github"
      },
      "original": {
        "owner": "qbisi",
        "ref": "stage",
        "repo": "nur-fem",
        "type": "github"
      }
    },
    "root": {
      "inputs": {
        "flake-parts": "flake-parts",
        "nixpkgs": "nixpkgs",
        "nur-fem": "nur-fem"
      }
    }
  },
  "root": "root",
  "version": 7
}
